// !$*UTF8*$!
{
	archiveVersion = 1;
	classes = {
	};
	objectVersion = 46;
	objects = {

/* Begin PBXBuildFile section */
		1D3623260D0F684500981E51 /* WhereAreYouAppDelegate.m in Sources */ = {isa = PBXBuildFile; fileRef = 1D3623250D0F684500981E51 /* WhereAreYouAppDelegate.m */; };
		1D60589B0D05DD56006BFB54 /* main.m in Sources */ = {isa = PBXBuildFile; fileRef = 29B97316FDCFA39411CA2CEA /* main.m */; };
		1D60589F0D05DD5A006BFB54 /* Foundation.framework in Frameworks */ = {isa = PBXBuildFile; fileRef = 1D30AB110D05D00D00671497 /* Foundation.framework */; };
		1DF5F4E00D08C38300B7A737 /* UIKit.framework in Frameworks */ = {isa = PBXBuildFile; fileRef = 1DF5F4DF0D08C38300B7A737 /* UIKit.framework */; };
		2804200B108E984D000629CD /* WAYRootViewController.m in Sources */ = {isa = PBXBuildFile; fileRef = 28042008108E984D000629CD /* WAYRootViewController.m */; };
		2804200C108E984D000629CD /* WAYMapViewController.m in Sources */ = {isa = PBXBuildFile; fileRef = 2804200A108E984D000629CD /* WAYMapViewController.m */; };
		2804203C108E9BAB000629CD /* DetailView.xib in Resources */ = {isa = PBXBuildFile; fileRef = 2804203B108E9BAB000629CD /* DetailView.xib */; };
		280420C1108EA07E000629CD /* CoreData.framework in Frameworks */ = {isa = PBXBuildFile; fileRef = 280420C0108EA07E000629CD /* CoreData.framework */; };
		2819300E112F7FA900ECF9B4 /* WhereAreYou.xcdatamodeld in Sources */ = {isa = PBXBuildFile; fileRef = 2819300D112F7FA900ECF9B4 /* WhereAreYou.xcdatamodeld */; };
		2892E4100DC94CBA00A64D0F /* CoreGraphics.framework in Frameworks */ = {isa = PBXBuildFile; fileRef = 2892E40F0DC94CBA00A64D0F /* CoreGraphics.framework */; };
		28AD73600D9D9599002E5188 /* MainWindow.xib in Resources */ = {isa = PBXBuildFile; fileRef = 28AD735F0D9D9599002E5188 /* MainWindow.xib */; };
		E20FAA2B11DA55E60040136D /* OASAPIGetLocationOperation.m in Sources */ = {isa = PBXBuildFile; fileRef = E20FAA2A11DA55E60040136D /* OASAPIGetLocationOperation.m */; };
		E20FAA4411DA6EC00040136D /* OASConnectionDelegate.m in Sources */ = {isa = PBXBuildFile; fileRef = E20FAA4311DA6EC00040136D /* OASConnectionDelegate.m */; };
		E20FAB5811DB3D750040136D /* OASAPIOperation.m in Sources */ = {isa = PBXBuildFile; fileRef = E20FAB5711DB3D750040136D /* OASAPIOperation.m */; };
		E20FAB9911DB4FCC0040136D /* WAYDataSyncer.m in Sources */ = {isa = PBXBuildFile; fileRef = E20FAB9811DB4FCC0040136D /* WAYDataSyncer.m */; };
		E20FABC811DB5D780040136D /* Phone.m in Sources */ = {isa = PBXBuildFile; fileRef = E20FABC711DB5D780040136D /* Phone.m */; };
		E236549811DC760E0061891E /* CXMLDocument_CreationExtensions.m in Sources */ = {isa = PBXBuildFile; fileRef = E236548111DC760E0061891E /* CXMLDocument_CreationExtensions.m */; };
		E236549911DC760E0061891E /* CXMLNode_CreationExtensions.m in Sources */ = {isa = PBXBuildFile; fileRef = E236548311DC760E0061891E /* CXMLNode_CreationExtensions.m */; };
		E236549A11DC760E0061891E /* CXMLDocument_PrivateExtensions.m in Sources */ = {isa = PBXBuildFile; fileRef = E236548511DC760E0061891E /* CXMLDocument_PrivateExtensions.m */; };
		E236549B11DC760E0061891E /* CXMLDocument.m in Sources */ = {isa = PBXBuildFile; fileRef = E236548711DC760E0061891E /* CXMLDocument.m */; };
		E236549C11DC760E0061891E /* CXMLElement_CreationExtensions.m in Sources */ = {isa = PBXBuildFile; fileRef = E236548911DC760E0061891E /* CXMLElement_CreationExtensions.m */; };
		E236549D11DC760E0061891E /* CXMLElement_ElementTreeExtensions.m in Sources */ = {isa = PBXBuildFile; fileRef = E236548B11DC760E0061891E /* CXMLElement_ElementTreeExtensions.m */; };
		E236549E11DC760E0061891E /* CXMLElement.m in Sources */ = {isa = PBXBuildFile; fileRef = E236548D11DC760E0061891E /* CXMLElement.m */; };
		E236549F11DC760E0061891E /* CXMLNode_PrivateExtensions.m in Sources */ = {isa = PBXBuildFile; fileRef = E236548F11DC760E0061891E /* CXMLNode_PrivateExtensions.m */; };
		E23654A011DC760E0061891E /* CXMLNode_XPathExtensions.m in Sources */ = {isa = PBXBuildFile; fileRef = E236549111DC760E0061891E /* CXMLNode_XPathExtensions.m */; };
		E23654A111DC760E0061891E /* CXMLNode.m in Sources */ = {isa = PBXBuildFile; fileRef = E236549311DC760E0061891E /* CXMLNode.m */; };
		E23654A211DC760E0061891E /* CTidy.m in Sources */ = {isa = PBXBuildFile; fileRef = E236549611DC760E0061891E /* CTidy.m */; };
		E24987B111E0D86700D949A2 /* Icon.png in Resources */ = {isa = PBXBuildFile; fileRef = E24987B011E0D86700D949A2 /* Icon.png */; };
		E250D85E11CF94CE0005FC2E /* AddressBookAdditions.m in Sources */ = {isa = PBXBuildFile; fileRef = E250D85D11CF94CE0005FC2E /* AddressBookAdditions.m */; };
		E272A49111DF7A1400DF7E5A /* WAYErrorMessageControl.m in Sources */ = {isa = PBXBuildFile; fileRef = E272A49011DF7A1400DF7E5A /* WAYErrorMessageControl.m */; };
		E280C5D811D0A884000BFCC6 /* WAYDetailContactViewController.m in Sources */ = {isa = PBXBuildFile; fileRef = E280C5D711D0A884000BFCC6 /* WAYDetailContactViewController.m */; };
		E28336B511D4B1BC0047E6B0 /* WAYEditableTableViewCell.m in Sources */ = {isa = PBXBuildFile; fileRef = E28336B411D4B1BC0047E6B0 /* WAYEditableTableViewCell.m */; };
		E2833E9F11D7E1FB0047E6B0 /* WAYAddNewContactViewController.m in Sources */ = {isa = PBXBuildFile; fileRef = E2833E9E11D7E1FB0047E6B0 /* WAYAddNewContactViewController.m */; };
		E2833FD011D88C980047E6B0 /* WAYEditContactViewController.m in Sources */ = {isa = PBXBuildFile; fileRef = E2833FCF11D88C980047E6B0 /* WAYEditContactViewController.m */; };
		E2934C4D11DF8B3400B5ED98 /* QuartzCore.framework in Frameworks */ = {isa = PBXBuildFile; fileRef = E2934C4C11DF8B3400B5ED98 /* QuartzCore.framework */; };
		E2934CDE11DF9D1500B5ED98 /* exclamation.png in Resources */ = {isa = PBXBuildFile; fileRef = E2934CDD11DF9D1500B5ED98 /* exclamation.png */; };
		E2934D2A11DFA11300B5ED98 /* WAYErrorListViewController.m in Sources */ = {isa = PBXBuildFile; fileRef = E2934D2911DFA11300B5ED98 /* WAYErrorListViewController.m */; };
		E2B8599911DE1BF6003C56EB /* NSNumber+LongLongFromString.m in Sources */ = {isa = PBXBuildFile; fileRef = E2B8599811DE1BF6003C56EB /* NSNumber+LongLongFromString.m */; };
		E2B859E511DE22E7003C56EB /* PhoneNumberFormatter.m in Sources */ = {isa = PBXBuildFile; fileRef = E2B859E411DE22E7003C56EB /* PhoneNumberFormatter.m */; };
		E2B85A8211DE411A003C56EB /* twitter.png in Resources */ = {isa = PBXBuildFile; fileRef = E2B85A8111DE411A003C56EB /* twitter.png */; };
		E2D830BA11E084B20080D9D8 /* libxml2.dylib in Frameworks */ = {isa = PBXBuildFile; fileRef = E2D830B911E084B20080D9D8 /* libxml2.dylib */; };
		E2FA402411CD0570002606AC /* AddressBook.framework in Frameworks */ = {isa = PBXBuildFile; fileRef = E2FA402311CD0570002606AC /* AddressBook.framework */; };
		E2FA402611CD0570002606AC /* AddressBookUI.framework in Frameworks */ = {isa = PBXBuildFile; fileRef = E2FA402511CD0570002606AC /* AddressBookUI.framework */; };
		E2FA402F11CD065F002606AC /* MapKit.framework in Frameworks */ = {isa = PBXBuildFile; fileRef = E2FA402E11CD065F002606AC /* MapKit.framework */; };
		E2FA403E11CD0F76002606AC /* Contact.m in Sources */ = {isa = PBXBuildFile; fileRef = E2FA403D11CD0F76002606AC /* Contact.m */; };
/* End PBXBuildFile section */

/* Begin PBXFileReference section */
		1D30AB110D05D00D00671497 /* Foundation.framework */ = {isa = PBXFileReference; lastKnownFileType = wrapper.framework; name = Foundation.framework; path = System/Library/Frameworks/Foundation.framework; sourceTree = SDKROOT; };
		1D3623240D0F684500981E51 /* WhereAreYouAppDelegate.h */ = {isa = PBXFileReference; fileEncoding = 4; lastKnownFileType = sourcecode.c.h; path = WhereAreYouAppDelegate.h; sourceTree = "<group>"; };
		1D3623250D0F684500981E51 /* WhereAreYouAppDelegate.m */ = {isa = PBXFileReference; fileEncoding = 4; lastKnownFileType = sourcecode.c.objc; path = WhereAreYouAppDelegate.m; sourceTree = "<group>"; };
		1D6058910D05DD3D006BFB54 /* WhereAreYou.app */ = {isa = PBXFileReference; explicitFileType = wrapper.application; includeInIndex = 0; path = WhereAreYou.app; sourceTree = BUILT_PRODUCTS_DIR; };
		1DF5F4DF0D08C38300B7A737 /* UIKit.framework */ = {isa = PBXFileReference; lastKnownFileType = wrapper.framework; name = UIKit.framework; path = System/Library/Frameworks/UIKit.framework; sourceTree = SDKROOT; };
		28042007108E984D000629CD /* WAYRootViewController.h */ = {isa = PBXFileReference; fileEncoding = 4; lastKnownFileType = sourcecode.c.h; path = WAYRootViewController.h; sourceTree = "<group>"; };
		28042008108E984D000629CD /* WAYRootViewController.m */ = {isa = PBXFileReference; fileEncoding = 4; lastKnownFileType = sourcecode.c.objc; path = WAYRootViewController.m; sourceTree = "<group>"; };
		28042009108E984D000629CD /* WAYMapViewController.h */ = {isa = PBXFileReference; fileEncoding = 4; lastKnownFileType = sourcecode.c.h; path = WAYMapViewController.h; sourceTree = "<group>"; };
		2804200A108E984D000629CD /* WAYMapViewController.m */ = {isa = PBXFileReference; fileEncoding = 4; lastKnownFileType = sourcecode.c.objc; path = WAYMapViewController.m; sourceTree = "<group>"; };
		2804203B108E9BAB000629CD /* DetailView.xib */ = {isa = PBXFileReference; lastKnownFileType = file.xib; path = DetailView.xib; sourceTree = "<group>"; };
		280420B3108E9F58000629CD /* WhereAreYou.xcdatamodel */ = {isa = PBXFileReference; fileEncoding = 4; lastKnownFileType = wrapper.xcdatamodel; path = WhereAreYou.xcdatamodel; sourceTree = "<group>"; };
		280420C0108EA07E000629CD /* CoreData.framework */ = {isa = PBXFileReference; lastKnownFileType = wrapper.framework; name = CoreData.framework; path = System/Library/Frameworks/CoreData.framework; sourceTree = SDKROOT; };
		2892E40F0DC94CBA00A64D0F /* CoreGraphics.framework */ = {isa = PBXFileReference; lastKnownFileType = wrapper.framework; name = CoreGraphics.framework; path = System/Library/Frameworks/CoreGraphics.framework; sourceTree = SDKROOT; };
		28A0AAE50D9B0CCF005BE974 /* WhereAreYou_Prefix.pch */ = {isa = PBXFileReference; fileEncoding = 4; lastKnownFileType = sourcecode.c.h; path = WhereAreYou_Prefix.pch; sourceTree = "<group>"; };
		28AD735F0D9D9599002E5188 /* MainWindow.xib */ = {isa = PBXFileReference; lastKnownFileType = file.xib; path = MainWindow.xib; sourceTree = "<group>"; };
		29B97316FDCFA39411CA2CEA /* main.m */ = {isa = PBXFileReference; fileEncoding = 4; lastKnownFileType = sourcecode.c.objc; path = main.m; sourceTree = "<group>"; };
		8D1107310486CEB800E47090 /* WhereAreYou-Info.plist */ = {isa = PBXFileReference; fileEncoding = 4; lastKnownFileType = text.plist.xml; path = "WhereAreYou-Info.plist"; plistStructureDefinitionIdentifier = "com.apple.xcode.plist.structure-definition.iphone.info-plist"; sourceTree = "<group>"; };
		E20FAA2911DA55E60040136D /* OASAPIGetLocationOperation.h */ = {isa = PBXFileReference; fileEncoding = 4; lastKnownFileType = sourcecode.c.h; path = OASAPIGetLocationOperation.h; sourceTree = "<group>"; };
		E20FAA2A11DA55E60040136D /* OASAPIGetLocationOperation.m */ = {isa = PBXFileReference; fileEncoding = 4; lastKnownFileType = sourcecode.c.objc; path = OASAPIGetLocationOperation.m; sourceTree = "<group>"; };
		E20FAA4211DA6EC00040136D /* OASConnectionDelegate.h */ = {isa = PBXFileReference; fileEncoding = 4; lastKnownFileType = sourcecode.c.h; path = OASConnectionDelegate.h; sourceTree = "<group>"; };
		E20FAA4311DA6EC00040136D /* OASConnectionDelegate.m */ = {isa = PBXFileReference; fileEncoding = 4; lastKnownFileType = sourcecode.c.objc; path = OASConnectionDelegate.m; sourceTree = "<group>"; };
		E20FAB2311DB1C270040136D /* OASAPIOperationDelegate.h */ = {isa = PBXFileReference; fileEncoding = 4; lastKnownFileType = sourcecode.c.h; path = OASAPIOperationDelegate.h; sourceTree = "<group>"; };
		E20FAB5611DB3D750040136D /* OASAPIOperation.h */ = {isa = PBXFileReference; fileEncoding = 4; lastKnownFileType = sourcecode.c.h; path = OASAPIOperation.h; sourceTree = "<group>"; };
		E20FAB5711DB3D750040136D /* OASAPIOperation.m */ = {isa = PBXFileReference; fileEncoding = 4; lastKnownFileType = sourcecode.c.objc; path = OASAPIOperation.m; sourceTree = "<group>"; };
		E20FAB9711DB4FCC0040136D /* WAYDataSyncer.h */ = {isa = PBXFileReference; fileEncoding = 4; lastKnownFileType = sourcecode.c.h; path = WAYDataSyncer.h; sourceTree = "<group>"; };
		E20FAB9811DB4FCC0040136D /* WAYDataSyncer.m */ = {isa = PBXFileReference; fileEncoding = 4; lastKnownFileType = sourcecode.c.objc; path = WAYDataSyncer.m; sourceTree = "<group>"; };
		E20FABC611DB5D780040136D /* Phone.h */ = {isa = PBXFileReference; fileEncoding = 4; lastKnownFileType = sourcecode.c.h; path = Phone.h; sourceTree = "<group>"; };
		E20FABC711DB5D780040136D /* Phone.m */ = {isa = PBXFileReference; fileEncoding = 4; lastKnownFileType = sourcecode.c.objc; path = Phone.m; sourceTree = "<group>"; };
		E236548011DC760E0061891E /* CXMLDocument_CreationExtensions.h */ = {isa = PBXFileReference; fileEncoding = 4; lastKnownFileType = sourcecode.c.h; path = CXMLDocument_CreationExtensions.h; sourceTree = "<group>"; };
		E236548111DC760E0061891E /* CXMLDocument_CreationExtensions.m */ = {isa = PBXFileReference; fileEncoding = 4; lastKnownFileType = sourcecode.c.objc; path = CXMLDocument_CreationExtensions.m; sourceTree = "<group>"; };
		E236548211DC760E0061891E /* CXMLNode_CreationExtensions.h */ = {isa = PBXFileReference; fileEncoding = 4; lastKnownFileType = sourcecode.c.h; path = CXMLNode_CreationExtensions.h; sourceTree = "<group>"; };
		E236548311DC760E0061891E /* CXMLNode_CreationExtensions.m */ = {isa = PBXFileReference; fileEncoding = 4; lastKnownFileType = sourcecode.c.objc; path = CXMLNode_CreationExtensions.m; sourceTree = "<group>"; };
		E236548411DC760E0061891E /* CXMLDocument_PrivateExtensions.h */ = {isa = PBXFileReference; fileEncoding = 4; lastKnownFileType = sourcecode.c.h; path = CXMLDocument_PrivateExtensions.h; sourceTree = "<group>"; };
		E236548511DC760E0061891E /* CXMLDocument_PrivateExtensions.m */ = {isa = PBXFileReference; fileEncoding = 4; lastKnownFileType = sourcecode.c.objc; path = CXMLDocument_PrivateExtensions.m; sourceTree = "<group>"; };
		E236548611DC760E0061891E /* CXMLDocument.h */ = {isa = PBXFileReference; fileEncoding = 4; lastKnownFileType = sourcecode.c.h; path = CXMLDocument.h; sourceTree = "<group>"; };
		E236548711DC760E0061891E /* CXMLDocument.m */ = {isa = PBXFileReference; fileEncoding = 4; lastKnownFileType = sourcecode.c.objc; path = CXMLDocument.m; sourceTree = "<group>"; };
		E236548811DC760E0061891E /* CXMLElement_CreationExtensions.h */ = {isa = PBXFileReference; fileEncoding = 4; lastKnownFileType = sourcecode.c.h; path = CXMLElement_CreationExtensions.h; sourceTree = "<group>"; };
		E236548911DC760E0061891E /* CXMLElement_CreationExtensions.m */ = {isa = PBXFileReference; fileEncoding = 4; lastKnownFileType = sourcecode.c.objc; path = CXMLElement_CreationExtensions.m; sourceTree = "<group>"; };
		E236548A11DC760E0061891E /* CXMLElement_ElementTreeExtensions.h */ = {isa = PBXFileReference; fileEncoding = 4; lastKnownFileType = sourcecode.c.h; path = CXMLElement_ElementTreeExtensions.h; sourceTree = "<group>"; };
		E236548B11DC760E0061891E /* CXMLElement_ElementTreeExtensions.m */ = {isa = PBXFileReference; fileEncoding = 4; lastKnownFileType = sourcecode.c.objc; path = CXMLElement_ElementTreeExtensions.m; sourceTree = "<group>"; };
		E236548C11DC760E0061891E /* CXMLElement.h */ = {isa = PBXFileReference; fileEncoding = 4; lastKnownFileType = sourcecode.c.h; path = CXMLElement.h; sourceTree = "<group>"; };
		E236548D11DC760E0061891E /* CXMLElement.m */ = {isa = PBXFileReference; fileEncoding = 4; lastKnownFileType = sourcecode.c.objc; path = CXMLElement.m; sourceTree = "<group>"; };
		E236548E11DC760E0061891E /* CXMLNode_PrivateExtensions.h */ = {isa = PBXFileReference; fileEncoding = 4; lastKnownFileType = sourcecode.c.h; path = CXMLNode_PrivateExtensions.h; sourceTree = "<group>"; };
		E236548F11DC760E0061891E /* CXMLNode_PrivateExtensions.m */ = {isa = PBXFileReference; fileEncoding = 4; lastKnownFileType = sourcecode.c.objc; path = CXMLNode_PrivateExtensions.m; sourceTree = "<group>"; };
		E236549011DC760E0061891E /* CXMLNode_XPathExtensions.h */ = {isa = PBXFileReference; fileEncoding = 4; lastKnownFileType = sourcecode.c.h; path = CXMLNode_XPathExtensions.h; sourceTree = "<group>"; };
		E236549111DC760E0061891E /* CXMLNode_XPathExtensions.m */ = {isa = PBXFileReference; fileEncoding = 4; lastKnownFileType = sourcecode.c.objc; path = CXMLNode_XPathExtensions.m; sourceTree = "<group>"; };
		E236549211DC760E0061891E /* CXMLNode.h */ = {isa = PBXFileReference; fileEncoding = 4; lastKnownFileType = sourcecode.c.h; path = CXMLNode.h; sourceTree = "<group>"; };
		E236549311DC760E0061891E /* CXMLNode.m */ = {isa = PBXFileReference; fileEncoding = 4; lastKnownFileType = sourcecode.c.objc; path = CXMLNode.m; sourceTree = "<group>"; };
		E236549511DC760E0061891E /* CTidy.h */ = {isa = PBXFileReference; fileEncoding = 4; lastKnownFileType = sourcecode.c.h; path = CTidy.h; sourceTree = "<group>"; };
		E236549611DC760E0061891E /* CTidy.m */ = {isa = PBXFileReference; fileEncoding = 4; lastKnownFileType = sourcecode.c.objc; path = CTidy.m; sourceTree = "<group>"; };
		E236549711DC760E0061891E /* TouchXML.h */ = {isa = PBXFileReference; fileEncoding = 4; lastKnownFileType = sourcecode.c.h; path = TouchXML.h; sourceTree = "<group>"; };
		E24987B011E0D86700D949A2 /* Icon.png */ = {isa = PBXFileReference; lastKnownFileType = image.png; path = Icon.png; sourceTree = "<group>"; };
		E250D85C11CF94CE0005FC2E /* AddressBookAdditions.h */ = {isa = PBXFileReference; fileEncoding = 4; lastKnownFileType = sourcecode.c.h; path = AddressBookAdditions.h; sourceTree = "<group>"; };
		E250D85D11CF94CE0005FC2E /* AddressBookAdditions.m */ = {isa = PBXFileReference; fileEncoding = 4; lastKnownFileType = sourcecode.c.objc; path = AddressBookAdditions.m; sourceTree = "<group>"; };
		E272A48F11DF7A1400DF7E5A /* WAYErrorMessageControl.h */ = {isa = PBXFileReference; fileEncoding = 4; lastKnownFileType = sourcecode.c.h; path = WAYErrorMessageControl.h; sourceTree = "<group>"; };
		E272A49011DF7A1400DF7E5A /* WAYErrorMessageControl.m */ = {isa = PBXFileReference; fileEncoding = 4; lastKnownFileType = sourcecode.c.objc; path = WAYErrorMessageControl.m; sourceTree = "<group>"; };
		E280C5D611D0A884000BFCC6 /* WAYDetailContactViewController.h */ = {isa = PBXFileReference; fileEncoding = 4; lastKnownFileType = sourcecode.c.h; path = WAYDetailContactViewController.h; sourceTree = "<group>"; };
		E280C5D711D0A884000BFCC6 /* WAYDetailContactViewController.m */ = {isa = PBXFileReference; fileEncoding = 4; lastKnownFileType = sourcecode.c.objc; path = WAYDetailContactViewController.m; sourceTree = "<group>"; };
		E28336B311D4B1BC0047E6B0 /* WAYEditableTableViewCell.h */ = {isa = PBXFileReference; fileEncoding = 4; lastKnownFileType = sourcecode.c.h; path = WAYEditableTableViewCell.h; sourceTree = "<group>"; };
		E28336B411D4B1BC0047E6B0 /* WAYEditableTableViewCell.m */ = {isa = PBXFileReference; fileEncoding = 4; lastKnownFileType = sourcecode.c.objc; path = WAYEditableTableViewCell.m; sourceTree = "<group>"; };
		E2833E9D11D7E1FB0047E6B0 /* WAYAddNewContactViewController.h */ = {isa = PBXFileReference; fileEncoding = 4; lastKnownFileType = sourcecode.c.h; path = WAYAddNewContactViewController.h; sourceTree = "<group>"; };
		E2833E9E11D7E1FB0047E6B0 /* WAYAddNewContactViewController.m */ = {isa = PBXFileReference; fileEncoding = 4; lastKnownFileType = sourcecode.c.objc; path = WAYAddNewContactViewController.m; sourceTree = "<group>"; };
		E2833FCE11D88C980047E6B0 /* WAYEditContactViewController.h */ = {isa = PBXFileReference; fileEncoding = 4; lastKnownFileType = sourcecode.c.h; path = WAYEditContactViewController.h; sourceTree = "<group>"; };
		E2833FCF11D88C980047E6B0 /* WAYEditContactViewController.m */ = {isa = PBXFileReference; fileEncoding = 4; lastKnownFileType = sourcecode.c.objc; path = WAYEditContactViewController.m; sourceTree = "<group>"; };
		E2934C4C11DF8B3400B5ED98 /* QuartzCore.framework */ = {isa = PBXFileReference; lastKnownFileType = wrapper.framework; name = QuartzCore.framework; path = System/Library/Frameworks/QuartzCore.framework; sourceTree = SDKROOT; };
		E2934CDD11DF9D1500B5ED98 /* exclamation.png */ = {isa = PBXFileReference; lastKnownFileType = image.png; path = exclamation.png; sourceTree = "<group>"; };
		E2934D2811DFA11300B5ED98 /* WAYErrorListViewController.h */ = {isa = PBXFileReference; fileEncoding = 4; lastKnownFileType = sourcecode.c.h; path = WAYErrorListViewController.h; sourceTree = "<group>"; };
		E2934D2911DFA11300B5ED98 /* WAYErrorListViewController.m */ = {isa = PBXFileReference; fileEncoding = 4; lastKnownFileType = sourcecode.c.objc; path = WAYErrorListViewController.m; sourceTree = "<group>"; };
		E2B8599711DE1BF6003C56EB /* NSNumber+LongLongFromString.h */ = {isa = PBXFileReference; fileEncoding = 4; lastKnownFileType = sourcecode.c.h; path = "NSNumber+LongLongFromString.h"; sourceTree = "<group>"; };
		E2B8599811DE1BF6003C56EB /* NSNumber+LongLongFromString.m */ = {isa = PBXFileReference; fileEncoding = 4; lastKnownFileType = sourcecode.c.objc; path = "NSNumber+LongLongFromString.m"; sourceTree = "<group>"; };
		E2B859E311DE22E7003C56EB /* PhoneNumberFormatter.h */ = {isa = PBXFileReference; fileEncoding = 4; lastKnownFileType = sourcecode.c.h; path = PhoneNumberFormatter.h; sourceTree = "<group>"; };
		E2B859E411DE22E7003C56EB /* PhoneNumberFormatter.m */ = {isa = PBXFileReference; fileEncoding = 4; lastKnownFileType = sourcecode.c.objc; path = PhoneNumberFormatter.m; sourceTree = "<group>"; };
		E2B85A8111DE411A003C56EB /* twitter.png */ = {isa = PBXFileReference; lastKnownFileType = image.png; path = twitter.png; sourceTree = "<group>"; };
		E2D830B911E084B20080D9D8 /* libxml2.dylib */ = {isa = PBXFileReference; lastKnownFileType = "compiled.mach-o.dylib"; name = libxml2.dylib; path = usr/lib/libxml2.dylib; sourceTree = SDKROOT; };
		E2FA402311CD0570002606AC /* AddressBook.framework */ = {isa = PBXFileReference; lastKnownFileType = wrapper.framework; name = AddressBook.framework; path = System/Library/Frameworks/AddressBook.framework; sourceTree = SDKROOT; };
		E2FA402511CD0570002606AC /* AddressBookUI.framework */ = {isa = PBXFileReference; lastKnownFileType = wrapper.framework; name = AddressBookUI.framework; path = System/Library/Frameworks/AddressBookUI.framework; sourceTree = SDKROOT; };
		E2FA402E11CD065F002606AC /* MapKit.framework */ = {isa = PBXFileReference; lastKnownFileType = wrapper.framework; name = MapKit.framework; path = System/Library/Frameworks/MapKit.framework; sourceTree = SDKROOT; };
		E2FA403C11CD0F75002606AC /* Contact.h */ = {isa = PBXFileReference; fileEncoding = 4; lastKnownFileType = sourcecode.c.h; path = Contact.h; sourceTree = "<group>"; };
		E2FA403D11CD0F76002606AC /* Contact.m */ = {isa = PBXFileReference; fileEncoding = 4; lastKnownFileType = sourcecode.c.objc; path = Contact.m; sourceTree = "<group>"; };
/* End PBXFileReference section */

/* Begin PBXFrameworksBuildPhase section */
		1D60588F0D05DD3D006BFB54 /* Frameworks */ = {
			isa = PBXFrameworksBuildPhase;
			buildActionMask = 2147483647;
			files = (
				1D60589F0D05DD5A006BFB54 /* Foundation.framework in Frameworks */,
				1DF5F4E00D08C38300B7A737 /* UIKit.framework in Frameworks */,
				2892E4100DC94CBA00A64D0F /* CoreGraphics.framework in Frameworks */,
				280420C1108EA07E000629CD /* CoreData.framework in Frameworks */,
				E2FA402411CD0570002606AC /* AddressBook.framework in Frameworks */,
				E2FA402611CD0570002606AC /* AddressBookUI.framework in Frameworks */,
				E2FA402F11CD065F002606AC /* MapKit.framework in Frameworks */,
				E2934C4D11DF8B3400B5ED98 /* QuartzCore.framework in Frameworks */,
				E2D830BA11E084B20080D9D8 /* libxml2.dylib in Frameworks */,
			);
			runOnlyForDeploymentPostprocessing = 0;
		};
/* End PBXFrameworksBuildPhase section */

/* Begin PBXGroup section */
		080E96DDFE201D6D7F000001 /* Classes */ = {
			isa = PBXGroup;
			children = (
				E2D830E411E08F170080D9D8 /* Controllers */,
				E2D830E311E08EF90080D9D8 /* Views */,
				E2FA403F11CD0F7E002606AC /* Model */,
				E20FADD311DC75700040136D /* TouchXML */,
				E20FAA2811DA55530040136D /* OpenApiService */,
				1D3623240D0F684500981E51 /* WhereAreYouAppDelegate.h */,
				1D3623250D0F684500981E51 /* WhereAreYouAppDelegate.m */,
			);
			path = Classes;
			sourceTree = "<group>";
		};
		19C28FACFE9D520D11CA2CBB /* Products */ = {
			isa = PBXGroup;
			children = (
				1D6058910D05DD3D006BFB54 /* WhereAreYou.app */,
			);
			name = Products;
			sourceTree = "<group>";
		};
		29B97314FDCFA39411CA2CEA /* CustomTemplate */ = {
			isa = PBXGroup;
			children = (
				080E96DDFE201D6D7F000001 /* Classes */,
				29B97315FDCFA39411CA2CEA /* Other Sources */,
				29B97317FDCFA39411CA2CEA /* Resources */,
				29B97323FDCFA39411CA2CEA /* Frameworks */,
				19C28FACFE9D520D11CA2CBB /* Products */,
			);
			name = CustomTemplate;
			sourceTree = "<group>";
		};
		29B97315FDCFA39411CA2CEA /* Other Sources */ = {
			isa = PBXGroup;
			children = (
				E2B859E311DE22E7003C56EB /* PhoneNumberFormatter.h */,
				E2B859E411DE22E7003C56EB /* PhoneNumberFormatter.m */,
				28A0AAE50D9B0CCF005BE974 /* WhereAreYou_Prefix.pch */,
				29B97316FDCFA39411CA2CEA /* main.m */,
				E250D85C11CF94CE0005FC2E /* AddressBookAdditions.h */,
				E250D85D11CF94CE0005FC2E /* AddressBookAdditions.m */,
				E2B8599711DE1BF6003C56EB /* NSNumber+LongLongFromString.h */,
				E2B8599811DE1BF6003C56EB /* NSNumber+LongLongFromString.m */,
			);
			name = "Other Sources";
			sourceTree = "<group>";
		};
		29B97317FDCFA39411CA2CEA /* Resources */ = {
			isa = PBXGroup;
			children = (
				E24987B011E0D86700D949A2 /* Icon.png */,
				E2934CDD11DF9D1500B5ED98 /* exclamation.png */,
				E2B85A8111DE411A003C56EB /* twitter.png */,
				2819300D112F7FA900ECF9B4 /* WhereAreYou.xcdatamodeld */,
				28AD735F0D9D9599002E5188 /* MainWindow.xib */,
				2804203B108E9BAB000629CD /* DetailView.xib */,
				8D1107310486CEB800E47090 /* WhereAreYou-Info.plist */,
			);
			name = Resources;
			sourceTree = "<group>";
		};
		29B97323FDCFA39411CA2CEA /* Frameworks */ = {
			isa = PBXGroup;
			children = (
				1DF5F4DF0D08C38300B7A737 /* UIKit.framework */,
				1D30AB110D05D00D00671497 /* Foundation.framework */,
				2892E40F0DC94CBA00A64D0F /* CoreGraphics.framework */,
				280420C0108EA07E000629CD /* CoreData.framework */,
				E2FA402311CD0570002606AC /* AddressBook.framework */,
				E2FA402511CD0570002606AC /* AddressBookUI.framework */,
				E2FA402E11CD065F002606AC /* MapKit.framework */,
				E2934C4C11DF8B3400B5ED98 /* QuartzCore.framework */,
				E2D830B911E084B20080D9D8 /* libxml2.dylib */,
			);
			name = Frameworks;
			sourceTree = "<group>";
		};
		E20FAA2811DA55530040136D /* OpenApiService */ = {
			isa = PBXGroup;
			children = (
				E20FAB5611DB3D750040136D /* OASAPIOperation.h */,
				E20FAB5711DB3D750040136D /* OASAPIOperation.m */,
				E20FAA4211DA6EC00040136D /* OASConnectionDelegate.h */,
				E20FAA4311DA6EC00040136D /* OASConnectionDelegate.m */,
				E20FAA2911DA55E60040136D /* OASAPIGetLocationOperation.h */,
				E20FAA2A11DA55E60040136D /* OASAPIGetLocationOperation.m */,
				E20FAB2311DB1C270040136D /* OASAPIOperationDelegate.h */,
			);
			name = OpenApiService;
			sourceTree = "<group>";
		};
		E20FADD311DC75700040136D /* TouchXML */ = {
			isa = PBXGroup;
			children = (
				E236547F11DC760E0061891E /* Creation */,
				E236549411DC760E0061891E /* Tidy */,
				E236548411DC760E0061891E /* CXMLDocument_PrivateExtensions.h */,
				E236548511DC760E0061891E /* CXMLDocument_PrivateExtensions.m */,
				E236548611DC760E0061891E /* CXMLDocument.h */,
				E236548711DC760E0061891E /* CXMLDocument.m */,
				E236548811DC760E0061891E /* CXMLElement_CreationExtensions.h */,
				E236548911DC760E0061891E /* CXMLElement_CreationExtensions.m */,
				E236548A11DC760E0061891E /* CXMLElement_ElementTreeExtensions.h */,
				E236548B11DC760E0061891E /* CXMLElement_ElementTreeExtensions.m */,
				E236548C11DC760E0061891E /* CXMLElement.h */,
				E236548D11DC760E0061891E /* CXMLElement.m */,
				E236548E11DC760E0061891E /* CXMLNode_PrivateExtensions.h */,
				E236548F11DC760E0061891E /* CXMLNode_PrivateExtensions.m */,
				E236549011DC760E0061891E /* CXMLNode_XPathExtensions.h */,
				E236549111DC760E0061891E /* CXMLNode_XPathExtensions.m */,
				E236549211DC760E0061891E /* CXMLNode.h */,
				E236549311DC760E0061891E /* CXMLNode.m */,
				E236549711DC760E0061891E /* TouchXML.h */,
			);
			name = TouchXML;
			sourceTree = "<group>";
		};
		E236547F11DC760E0061891E /* Creation */ = {
			isa = PBXGroup;
			children = (
				E236548011DC760E0061891E /* CXMLDocument_CreationExtensions.h */,
				E236548111DC760E0061891E /* CXMLDocument_CreationExtensions.m */,
				E236548211DC760E0061891E /* CXMLNode_CreationExtensions.h */,
				E236548311DC760E0061891E /* CXMLNode_CreationExtensions.m */,
			);
			path = Creation;
			sourceTree = "<group>";
		};
		E236549411DC760E0061891E /* Tidy */ = {
			isa = PBXGroup;
			children = (
				E236549511DC760E0061891E /* CTidy.h */,
				E236549611DC760E0061891E /* CTidy.m */,
			);
			path = Tidy;
			sourceTree = "<group>";
		};
		E2D830E311E08EF90080D9D8 /* Views */ = {
			isa = PBXGroup;
			children = (
				E272A48F11DF7A1400DF7E5A /* WAYErrorMessageControl.h */,
				E272A49011DF7A1400DF7E5A /* WAYErrorMessageControl.m */,
				E28336B311D4B1BC0047E6B0 /* WAYEditableTableViewCell.h */,
				E28336B411D4B1BC0047E6B0 /* WAYEditableTableViewCell.m */,
			);
			name = Views;
			sourceTree = "<group>";
		};
		E2D830E411E08F170080D9D8 /* Controllers */ = {
			isa = PBXGroup;
			children = (
				28042007108E984D000629CD /* WAYRootViewController.h */,
				28042008108E984D000629CD /* WAYRootViewController.m */,
				28042009108E984D000629CD /* WAYMapViewController.h */,
				2804200A108E984D000629CD /* WAYMapViewController.m */,
				E280C5D611D0A884000BFCC6 /* WAYDetailContactViewController.h */,
				E280C5D711D0A884000BFCC6 /* WAYDetailContactViewController.m */,
				E2833E9D11D7E1FB0047E6B0 /* WAYAddNewContactViewController.h */,
				E2833E9E11D7E1FB0047E6B0 /* WAYAddNewContactViewController.m */,
				E2833FCE11D88C980047E6B0 /* WAYEditContactViewController.h */,
				E2833FCF11D88C980047E6B0 /* WAYEditContactViewController.m */,
				E2934D2811DFA11300B5ED98 /* WAYErrorListViewController.h */,
				E2934D2911DFA11300B5ED98 /* WAYErrorListViewController.m */,
			);
			name = Controllers;
			sourceTree = "<group>";
		};
		E2FA403F11CD0F7E002606AC /* Model */ = {
			isa = PBXGroup;
			children = (
				E20FAB9711DB4FCC0040136D /* WAYDataSyncer.h */,
				E20FAB9811DB4FCC0040136D /* WAYDataSyncer.m */,
				E20FABC611DB5D780040136D /* Phone.h */,
				E20FABC711DB5D780040136D /* Phone.m */,
				E2FA403C11CD0F75002606AC /* Contact.h */,
				E2FA403D11CD0F76002606AC /* Contact.m */,
			);
			name = Model;
			sourceTree = "<group>";
		};
/* End PBXGroup section */

/* Begin PBXNativeTarget section */
		1D6058900D05DD3D006BFB54 /* WhereAreYou */ = {
			isa = PBXNativeTarget;
			buildConfigurationList = 1D6058960D05DD3E006BFB54 /* Build configuration list for PBXNativeTarget "WhereAreYou" */;
			buildPhases = (
				1D60588D0D05DD3D006BFB54 /* Resources */,
				1D60588E0D05DD3D006BFB54 /* Sources */,
				1D60588F0D05DD3D006BFB54 /* Frameworks */,
			);
			buildRules = (
			);
			dependencies = (
			);
			name = WhereAreYou;
			productName = WhereAreYou;
			productReference = 1D6058910D05DD3D006BFB54 /* WhereAreYou.app */;
			productType = "com.apple.product-type.application";
		};
/* End PBXNativeTarget section */

/* Begin PBXProject section */
		29B97313FDCFA39411CA2CEA /* Project object */ = {
			isa = PBXProject;
			buildConfigurationList = C01FCF4E08A954540054247B /* Build configuration list for PBXProject "WhereAreYou" */;
			compatibilityVersion = "Xcode 3.2";
			hasScannedForEncodings = 1;
			knownRegions = (
				English,
				Japanese,
				French,
				German,
				en,
			);
			mainGroup = 29B97314FDCFA39411CA2CEA /* CustomTemplate */;
			projectDirPath = "";
			projectRoot = "";
			targets = (
				1D6058900D05DD3D006BFB54 /* WhereAreYou */,
			);
		};
/* End PBXProject section */

/* Begin PBXResourcesBuildPhase section */
		1D60588D0D05DD3D006BFB54 /* Resources */ = {
			isa = PBXResourcesBuildPhase;
			buildActionMask = 2147483647;
			files = (
				28AD73600D9D9599002E5188 /* MainWindow.xib in Resources */,
				2804203C108E9BAB000629CD /* DetailView.xib in Resources */,
				E2B85A8211DE411A003C56EB /* twitter.png in Resources */,
				E2934CDE11DF9D1500B5ED98 /* exclamation.png in Resources */,
				E24987B111E0D86700D949A2 /* Icon.png in Resources */,
			);
			runOnlyForDeploymentPostprocessing = 0;
		};
/* End PBXResourcesBuildPhase section */

/* Begin PBXSourcesBuildPhase section */
		1D60588E0D05DD3D006BFB54 /* Sources */ = {
			isa = PBXSourcesBuildPhase;
			buildActionMask = 2147483647;
			files = (
				1D60589B0D05DD56006BFB54 /* main.m in Sources */,
				1D3623260D0F684500981E51 /* WhereAreYouAppDelegate.m in Sources */,
				2804200B108E984D000629CD /* WAYRootViewController.m in Sources */,
				2804200C108E984D000629CD /* WAYMapViewController.m in Sources */,
				2819300E112F7FA900ECF9B4 /* WhereAreYou.xcdatamodeld in Sources */,
				E2FA403E11CD0F76002606AC /* Contact.m in Sources */,
				E250D85E11CF94CE0005FC2E /* AddressBookAdditions.m in Sources */,
				E280C5D811D0A884000BFCC6 /* WAYDetailContactViewController.m in Sources */,
				E28336B511D4B1BC0047E6B0 /* WAYEditableTableViewCell.m in Sources */,
				E2833E9F11D7E1FB0047E6B0 /* WAYAddNewContactViewController.m in Sources */,
				E2833FD011D88C980047E6B0 /* WAYEditContactViewController.m in Sources */,
				E20FAA2B11DA55E60040136D /* OASAPIGetLocationOperation.m in Sources */,
				E20FAA4411DA6EC00040136D /* OASConnectionDelegate.m in Sources */,
				E20FAB5811DB3D750040136D /* OASAPIOperation.m in Sources */,
				E20FAB9911DB4FCC0040136D /* WAYDataSyncer.m in Sources */,
				E20FABC811DB5D780040136D /* Phone.m in Sources */,
				E236549811DC760E0061891E /* CXMLDocument_CreationExtensions.m in Sources */,
				E236549911DC760E0061891E /* CXMLNode_CreationExtensions.m in Sources */,
				E236549A11DC760E0061891E /* CXMLDocument_PrivateExtensions.m in Sources */,
				E236549B11DC760E0061891E /* CXMLDocument.m in Sources */,
				E236549C11DC760E0061891E /* CXMLElement_CreationExtensions.m in Sources */,
				E236549D11DC760E0061891E /* CXMLElement_ElementTreeExtensions.m in Sources */,
				E236549E11DC760E0061891E /* CXMLElement.m in Sources */,
				E236549F11DC760E0061891E /* CXMLNode_PrivateExtensions.m in Sources */,
				E23654A011DC760E0061891E /* CXMLNode_XPathExtensions.m in Sources */,
				E23654A111DC760E0061891E /* CXMLNode.m in Sources */,
				E23654A211DC760E0061891E /* CTidy.m in Sources */,
				E2B8599911DE1BF6003C56EB /* NSNumber+LongLongFromString.m in Sources */,
				E2B859E511DE22E7003C56EB /* PhoneNumberFormatter.m in Sources */,
				E272A49111DF7A1400DF7E5A /* WAYErrorMessageControl.m in Sources */,
				E2934D2A11DFA11300B5ED98 /* WAYErrorListViewController.m in Sources */,
			);
			runOnlyForDeploymentPostprocessing = 0;
		};
/* End PBXSourcesBuildPhase section */

/* Begin XCBuildConfiguration section */
		1D6058940D05DD3E006BFB54 /* Debug */ = {
			isa = XCBuildConfiguration;
			buildSettings = {
				ALWAYS_SEARCH_USER_PATHS = NO;
				COPY_PHASE_STRIP = NO;
				GCC_DYNAMIC_NO_PIC = NO;
				GCC_OPTIMIZATION_LEVEL = 0;
				GCC_PRECOMPILE_PREFIX_HEADER = YES;
				GCC_PREFIX_HEADER = WhereAreYou_Prefix.pch;
				HEADER_SEARCH_PATHS = /usr/include/libxml2;
				INFOPLIST_FILE = "WhereAreYou-Info.plist";
				PRODUCT_NAME = WhereAreYou;
			};
			name = Debug;
		};
		1D6058950D05DD3E006BFB54 /* Release */ = {
			isa = XCBuildConfiguration;
			buildSettings = {
				ALWAYS_SEARCH_USER_PATHS = NO;
				COPY_PHASE_STRIP = YES;
				GCC_PRECOMPILE_PREFIX_HEADER = YES;
				GCC_PREFIX_HEADER = WhereAreYou_Prefix.pch;
				HEADER_SEARCH_PATHS = /usr/include/libxml2;
				INFOPLIST_FILE = "WhereAreYou-Info.plist";
				PRODUCT_NAME = WhereAreYou;
				VALIDATE_PRODUCT = YES;
			};
			name = Release;
		};
		C01FCF4F08A954540054247B /* Debug */ = {
			isa = XCBuildConfiguration;
			buildSettings = {
				"ARCHS[sdk=iphoneos*]" = armv7;
				"ARCHS[sdk=iphonesimulator*]" = i386;
				"CODE_SIGN_IDENTITY[sdk=iphoneos*]" = "iPhone Developer";
				GCC_C_LANGUAGE_STANDARD = c99;
				GCC_WARN_ABOUT_RETURN_TYPE = YES;
				GCC_WARN_UNUSED_VARIABLE = YES;
				HEADER_SEARCH_PATHS = /usr/include/libxml2;
				OTHER_LDFLAGS = "-lxml2";
				PREBINDING = NO;
				SDKROOT = iphoneos3.2;
				TARGETED_DEVICE_FAMILY = 2;
			};
			name = Debug;
		};
		C01FCF5008A954540054247B /* Release */ = {
			isa = XCBuildConfiguration;
			buildSettings = {
				"ARCHS[sdk=iphoneos*]" = armv7;
				"ARCHS[sdk=iphonesimulator*]" = i386;
				"CODE_SIGN_IDENTITY[sdk=iphoneos*]" = "iPhone Developer";
				GCC_C_LANGUAGE_STANDARD = c99;
				GCC_UNROLL_LOOPS = YES;
				GCC_WARN_ABOUT_RETURN_TYPE = YES;
				GCC_WARN_CHECK_SWITCH_STATEMENTS = NO;
				GCC_WARN_UNUSED_VARIABLE = YES;
				HEADER_SEARCH_PATHS = /usr/include/libxml2;
				OTHER_CFLAGS = "-DNS_BLOCK_ASSERTIONS=1";
				OTHER_LDFLAGS = "-lxml2";
				PREBINDING = NO;
				SDKROOT = iphoneos3.2;
				TARGETED_DEVICE_FAMILY = 2;
			};
			name = Release;
		};
/* End XCBuildConfiguration section */

/* Begin XCConfigurationList section */
		1D6058960D05DD3E006BFB54 /* Build configuration list for PBXNativeTarget "WhereAreYou" */ = {
			isa = XCConfigurationList;
			buildConfigurations = (
				1D6058940D05DD3E006BFB54 /* Debug */,
				1D6058950D05DD3E006BFB54 /* Release */,
			);
			defaultConfigurationIsVisible = 0;
			defaultConfigurationName = Release;
		};
		C01FCF4E08A954540054247B /* Build configuration list for PBXProject "WhereAreYou" */ = {
			isa = XCConfigurationList;
			buildConfigurations = (
				C01FCF4F08A954540054247B /* Debug */,
				C01FCF5008A954540054247B /* Release */,
			);
			defaultConfigurationIsVisible = 0;
			defaultConfigurationName = Release;
		};
/* End XCConfigurationList section */

/* Begin XCVersionGroup section */
		2819300D112F7FA900ECF9B4 /* WhereAreYou.xcdatamodeld */ = {
			isa = XCVersionGroup;
			children = (
				280420B3108E9F58000629CD /* WhereAreYou.xcdatamodel */,
			);
			currentVersion = 280420B3108E9F58000629CD /* WhereAreYou.xcdatamodel */;
			path = WhereAreYou.xcdatamodeld;
			sourceTree = "<group>";
			versionGroupType = wrapper.xcdatamodel;
		};
/* End XCVersionGroup section */
	};
	rootObject = 29B97313FDCFA39411CA2CEA /* Project object */;
}
